
Microsoft Visual Studio Solution File, Format Version 12.00
# Visual Studio Version 17
VisualStudioVersion = 17.9.34526.213
MinimumVisualStudioVersion = 10.0.40219.1
Project("{9A19103F-16F7-4668-BE54-9A1E7A4F7556}") = "DemoCRUD", "DemoCRUD\DemoCRUD\DemoCRUD.csproj", "{BDE498CB-1E39-4544-A8D9-1ED51B45573B}"
EndProject
Project("{9A19103F-16F7-4668-BE54-9A1E7A4F7556}") = "DemoCRUD.Client", "DemoCRUD\DemoCRUD.Client\DemoCRUD.Client.csproj", "{ACF9D9FC-7E2D-41E0-A40C-AC55E3CA763C}"
EndProject
Project("{2150E333-8FDC-42A3-9474-1A3956D46DE8}") = "DemoCRUD", "DemoCRUD", "{716D011B-E07F-4B81-AA14-CE9F32D2DA8A}"
EndProject
Project("{2150E333-8FDC-42A3-9474-1A3956D46DE8}") = "DemoSToCs", "DemoSToCs", "{C9245E75-8234-4886-AF1D-F94E2A754FCA}"
EndProject
Project("{9A19103F-16F7-4668-BE54-9A1E7A4F7556}") = "DemoSToCs", "DemoSToCs\DemoSToCs\DemoSToCs.csproj", "{9C20D432-B626-4EC3-A0FE-F05F1D1271DD}"
EndProject
Project("{9A19103F-16F7-4668-BE54-9A1E7A4F7556}") = "DemoSToCs.Imgs", "DemoSToCs\DemoSToCs.Client\DemoSToCs.Imgs.csproj", "{FFB0C01A-15C8-4057-B462-2AC9B836423D}"
EndProject
Project("{9A19103F-16F7-4668-BE54-9A1E7A4F7556}") = "DemoCRUD.SharedLibrary", "DemoCRUD\DemoCRUD.SharedLibrary\DemoCRUD.SharedLibrary.csproj", "{E93F901B-783B-46B6-BB8A-BE211D15BBA1}"
EndProject
Project("{9A19103F-16F7-4668-BE54-9A1E7A4F7556}") = "DemoSToCs.SharedLibrary", "DemoSToCs\DemoSToCs.SharedLibrary\DemoSToCs.SharedLibrary.csproj", "{1A17014A-E8FE-41A5-AA33-28D969B6D4BF}"
EndProject
Global
	GlobalSection(SolutionConfigurationPlatforms) = preSolution
		Debug|Any CPU = Debug|Any CPU
		Release|Any CPU = Release|Any CPU
	EndGlobalSection
	GlobalSection(ProjectConfigurationPlatforms) = postSolution
		{BDE498CB-1E39-4544-A8D9-1ED51B45573B}.Debug|Any CPU.ActiveCfg = Debug|Any CPU
		{BDE498CB-1E39-4544-A8D9-1ED51B45573B}.Debug|Any CPU.Build.0 = Debug|Any CPU
		{BDE498CB-1E39-4544-A8D9-1ED51B45573B}.Release|Any CPU.ActiveCfg = Release|Any CPU
		{BDE498CB-1E39-4544-A8D9-1ED51B45573B}.Release|Any CPU.Build.0 = Release|Any CPU
		{ACF9D9FC-7E2D-41E0-A40C-AC55E3CA763C}.Debug|Any CPU.ActiveCfg = Debug|Any CPU
		{ACF9D9FC-7E2D-41E0-A40C-AC55E3CA763C}.Debug|Any CPU.Build.0 = Debug|Any CPU
		{ACF9D9FC-7E2D-41E0-A40C-AC55E3CA763C}.Release|Any CPU.ActiveCfg = Release|Any CPU
		{ACF9D9FC-7E2D-41E0-A40C-AC55E3CA763C}.Release|Any CPU.Build.0 = Release|Any CPU
		{9C20D432-B626-4EC3-A0FE-F05F1D1271DD}.Debug|Any CPU.ActiveCfg = Debug|Any CPU
		{9C20D432-B626-4EC3-A0FE-F05F1D1271DD}.Debug|Any CPU.Build.0 = Debug|Any CPU
		{9C20D432-B626-4EC3-A0FE-F05F1D1271DD}.Release|Any CPU.ActiveCfg = Release|Any CPU
		{9C20D432-B626-4EC3-A0FE-F05F1D1271DD}.Release|Any CPU.Build.0 = Release|Any CPU
		{FFB0C01A-15C8-4057-B462-2AC9B836423D}.Debug|Any CPU.ActiveCfg = Debug|Any CPU
		{FFB0C01A-15C8-4057-B462-2AC9B836423D}.Debug|Any CPU.Build.0 = Debug|Any CPU
		{FFB0C01A-15C8-4057-B462-2AC9B836423D}.Release|Any CPU.ActiveCfg = Release|Any CPU
		{FFB0C01A-15C8-4057-B462-2AC9B836423D}.Release|Any CPU.Build.0 = Release|Any CPU
		{E93F901B-783B-46B6-BB8A-BE211D15BBA1}.Debug|Any CPU.ActiveCfg = Debug|Any CPU
		{E93F901B-783B-46B6-BB8A-BE211D15BBA1}.Debug|Any CPU.Build.0 = Debug|Any CPU
		{E93F901B-783B-46B6-BB8A-BE211D15BBA1}.Release|Any CPU.ActiveCfg = Release|Any CPU
		{E93F901B-783B-46B6-BB8A-BE211D15BBA1}.Release|Any CPU.Build.0 = Release|Any CPU
		{1A17014A-E8FE-41A5-AA33-28D969B6D4BF}.Debug|Any CPU.ActiveCfg = Debug|Any CPU
		{1A17014A-E8FE-41A5-AA33-28D969B6D4BF}.Debug|Any CPU.Build.0 = Debug|Any CPU
		{1A17014A-E8FE-41A5-AA33-28D969B6D4BF}.Release|Any CPU.ActiveCfg = Release|Any CPU
		{1A17014A-E8FE-41A5-AA33-28D969B6D4BF}.Release|Any CPU.Build.0 = Release|Any CPU
	EndGlobalSection
	GlobalSection(SolutionProperties) = preSolution
		HideSolutionNode = FALSE
	EndGlobalSection
	GlobalSection(NestedProjects) = preSolution
		{BDE498CB-1E39-4544-A8D9-1ED51B45573B} = {716D011B-E07F-4B81-AA14-CE9F32D2DA8A}
		{ACF9D9FC-7E2D-41E0-A40C-AC55E3CA763C} = {716D011B-E07F-4B81-AA14-CE9F32D2DA8A}
		{9C20D432-B626-4EC3-A0FE-F05F1D1271DD} = {C9245E75-8234-4886-AF1D-F94E2A754FCA}
		{FFB0C01A-15C8-4057-B462-2AC9B836423D} = {C9245E75-8234-4886-AF1D-F94E2A754FCA}
		{E93F901B-783B-46B6-BB8A-BE211D15BBA1} = {716D011B-E07F-4B81-AA14-CE9F32D2DA8A}
		{1A17014A-E8FE-41A5-AA33-28D969B6D4BF} = {C9245E75-8234-4886-AF1D-F94E2A754FCA}
	EndGlobalSection
	GlobalSection(ExtensibilityGlobals) = postSolution
		SolutionGuid = {EDE26223-7399-4201-A6FB-33F82B947515}
	EndGlobalSection
EndGlobal
